
Microsoft Visual Studio Solution File, Format Version 12.00
# Visual Studio Version 17
VisualStudioVersion = 17.7.34202.233
MinimumVisualStudioVersion = 10.0.40219.1
Project("{FAE04EC0-301F-11D3-BF4B-00C04F79EFBC}") = "AppPart", "AppPart.csproj", "{CB86A51A-1E7D-4EA4-9FB9-200F113F92A6}"
EndProject
Project("{FAE04EC0-301F-11D3-BF4B-00C04F79EFBC}") = "Web.Account", "..\Web.Account\Web.Account.csproj", "{D666A09A-A247-49CC-996A-E68152099600}"
EndProject
Global
	GlobalSection(SolutionConfigurationPlatforms) = preSolution
		Debug|Any CPU = Debug|Any CPU
		Release|Any CPU = Release|Any CPU
	EndGlobalSection
	GlobalSection(ProjectConfigurationPlatforms) = postSolution
		{CB86A51A-1E7D-4EA4-9FB9-200F113F92A6}.Debug|Any CPU.ActiveCfg = Debug|Any CPU
		{CB86A51A-1E7D-4EA4-9FB9-200F113F92A6}.Debug|Any CPU.Build.0 = Debug|Any CPU
		{CB86A51A-1E7D-4EA4-9FB9-200F113F92A6}.Release|Any CPU.ActiveCfg = Release|Any CPU
		{CB86A51A-1E7D-4EA4-9FB9-200F113F92A6}.Release|Any CPU.Build.0 = Release|Any CPU
		{D666A09A-A247-49CC-996A-E68152099600}.Debug|Any CPU.ActiveCfg = Debug|Any CPU
		{D666A09A-A247-49CC-996A-E68152099600}.Debug|Any CPU.Build.0 = Debug|Any CPU
		{D666A09A-A247-49CC-996A-E68152099600}.Release|Any CPU.ActiveCfg = Release|Any CPU
		{D666A09A-A247-49CC-996A-E68152099600}.Release|Any CPU.Build.0 = Release|Any CPU
	EndGlobalSection
	GlobalSection(SolutionProperties) = preSolution
		HideSolutionNode = FALSE
	EndGlobalSection
	GlobalSection(ExtensibilityGlobals) = postSolution
		SolutionGuid = {8A3967CA-C135-4F30-A8E8-433608F9FA23}
	EndGlobalSection
EndGlobal
